#MicroXplorer Configuration settings - do not modify
Mcu.Family=STM32L0
RCC.MSI_VALUE=2097000
ProjectManager.MainLocation=Core/Src
ProjectManager.ProjectFileName=L011K4_I2C_LCM.ioc
ProjectManager.KeepUserCode=true
Mcu.UserName=STM32L011K4Tx
Mcu.PinsNb=16
ProjectManager.NoMain=false
RCC.PLLCLKFreq_Value=24000000
RCC.LPUARTFreq_Value=24000000
ProjectManager.functionlistsort=1-MX_GPIO_Init-GPIO-false-HAL-true,2-SystemClock_Config-RCC-false-HAL-false,3-MX_I2C1_Init-I2C1-false-HAL-true
RCC.RTCFreq_Value=37000
ProjectManager.DefaultFWLocation=true
RCC.USART2Freq_Value=24000000
NVIC.SVC_IRQn=true\:0\:0\:false\:false\:true\:false\:false
ProjectManager.DeletePrevious=true
RCC.TimerFreq_Value=24000000
PinOutPanel.RotationAngle=0
RCC.FamilyName=M
RCC.SYSCLKSource=RCC_SYSCLKSOURCE_PLLCLK
ProjectManager.StackSize=0x400
RCC.WatchDogFreq_Value=37000
NVIC.I2C1_IRQn=true\:0\:0\:false\:false\:true\:true\:true
PA13.Signal=SYS_SWDIO
RCC.HSI16_VALUE=16000000
RCC.FCLKCortexFreq_Value=24000000
I2C1.IPParameters=OwnAddress,Timing
Mcu.IP2=RCC
Mcu.IP3=SYS
Mcu.IP0=I2C1
Mcu.IP1=NVIC
Mcu.UserConstants=
ProjectManager.TargetToolchain=STM32CubeIDE
Mcu.ThirdPartyNb=0
RCC.HCLKFreq_Value=24000000
Mcu.IPNb=4
ProjectManager.PreviousToolchain=
RCC.APB2TimFreq_Value=24000000
PA9.Signal=GPIO_Output
PB6.Signal=I2C1_SCL
I2C1.Timing=0x00506682
PB6.Mode=I2C
Mcu.Pin6=PA6
Mcu.Pin7=PA7
ProjectManager.RegisterCallBack=
Mcu.Pin8=PA8
Mcu.Pin9=PA9
RCC.LSE_VALUE=32768
PA1.Signal=GPIO_Output
RCC.AHBFreq_Value=24000000
Mcu.Pin0=PA0-CK_IN
Mcu.Pin1=PA1
Mcu.Pin2=PA2
Mcu.Pin3=PA3
Mcu.Pin4=PA4
Mcu.Pin5=PA5
PA5.Signal=GPIO_Output
ProjectManager.ProjectBuild=false
RCC.HSE_VALUE=8000000
RCC.MCOPinFreq_Value=24000000
PA8.Locked=true
board=custom
PA4.Locked=true
RCC.VCOOutputFreq_Value=48000000
NVIC.SysTick_IRQn=true\:0\:0\:false\:false\:true\:false\:true
ProjectManager.LastFirmware=true
ProjectManager.FirmwarePackage=STM32Cube FW_L0 V1.12.0
PA0-CK_IN.Signal=GPIO_Output
MxDb.Version=DB.6.0.20
PA0-CK_IN.Locked=true
RCC.APB2Freq_Value=24000000
ProjectManager.BackupPrevious=false
MxCube.Version=6.2.0
RCC.I2C1Freq_Value=24000000
PA14.Mode=Serial_Wire
File.Version=6
VP_SYS_VS_Systick.Mode=SysTick
PA9.Locked=true
PB7.Signal=I2C1_SDA
PA8.Signal=GPIO_Output
NVIC.NonMaskableInt_IRQn=true\:0\:0\:false\:false\:true\:false\:false
PB6.Locked=true
NVIC.PendSV_IRQn=true\:0\:0\:false\:false\:true\:false\:false
PA13.Mode=Serial_Wire
ProjectManager.FreePins=false
RCC.IPParameters=AHBFreq_Value,APB1Freq_Value,APB1TimFreq_Value,APB2Freq_Value,APB2TimFreq_Value,FCLKCortexFreq_Value,FamilyName,HCLKFreq_Value,HSE_VALUE,HSI16_VALUE,HSI_VALUE,I2C1Freq_Value,LPTIMFreq_Value,LPUARTFreq_Value,LSE_VALUE,LSI_VALUE,MCOPinFreq_Value,MSI_VALUE,PLLCLKFreq_Value,PWRFreq_Value,RTCFreq_Value,RTCHSEDivFreq_Value,SYSCLKFreq_VALUE,SYSCLKSource,TIMFreq_Value,TimerFreq_Value,USART2Freq_Value,VCOOutputFreq_Value,WatchDogFreq_Value
ProjectManager.AskForMigrate=true
Mcu.Name=STM32L011K(3-4)Tx
ProjectManager.HalAssertFull=false
RCC.RTCHSEDivFreq_Value=4000000
PA2.Signal=GPIO_Output
ProjectManager.ProjectName=L011K4_I2C_LCM
ProjectManager.UnderRoot=true
I2C1.OwnAddress=56
ProjectManager.CoupleFile=false
PA4.Signal=GPIO_Output
RCC.SYSCLKFreq_VALUE=24000000
Mcu.Package=LQFP32
PA6.Signal=GPIO_Output
PA1.Locked=true
PA5.Locked=true
PA3.Locked=true
PA7.Locked=true
PA10.Locked=true
NVIC.ForceEnableDMAVector=true
KeepUserPlacement=false
ProjectManager.CompilerOptimize=6
ProjectManager.ToolChainLocation=
RCC.LSI_VALUE=37000
VP_SYS_VS_Systick.Signal=SYS_VS_Systick
PB7.Mode=I2C
PA10.Signal=GPIO_Output
PA14.Signal=SYS_SWCLK
ProjectManager.HeapSize=0x200
Mcu.Pin15=VP_SYS_VS_Systick
NVIC.HardFault_IRQn=true\:0\:0\:false\:false\:true\:false\:false
Mcu.Pin13=PB6
Mcu.Pin14=PB7
ProjectManager.ComputerToolchain=false
RCC.HSI_VALUE=16000000
Mcu.Pin11=PA13
Mcu.Pin12=PA14
Mcu.Pin10=PA10
PB7.Locked=true
RCC.APB1TimFreq_Value=24000000
RCC.PWRFreq_Value=24000000
RCC.APB1Freq_Value=24000000
ProjectManager.CustomerFirmwarePackage=
ProjectManager.DeviceId=STM32L011K4Tx
ProjectManager.LibraryCopy=1
RCC.LPTIMFreq_Value=24000000
PA3.Signal=GPIO_Output
PA7.Signal=GPIO_Output
RCC.TIMFreq_Value=24000000
PA6.Locked=true
PA2.Locked=true
isbadioc=false
